
Microsoft Visual Studio Solution File, Format Version 12.00
# Visual Studio Version 16
VisualStudioVersion = 16.0.29411.108
MinimumVisualStudioVersion = 10.0.40219.1
Project("{FAE04EC0-301F-11D3-BF4B-00C04F79EFBC}") = "test", "test\test.csproj", "{8C2ACB03-CC86-434E-A6F1-A04EB45EB349}"
EndProject
Project("{E53339B2-1760-4266-BCC7-CA923CBCF16C}") = "docker-compose", "docker-compose.dcproj", "{8132D90C-DC9B-4787-8C4C-13990C813B25}"
EndProject
Global
	GlobalSection(SolutionConfigurationPlatforms) = preSolution
		Debug|Any CPU = Debug|Any CPU
		Release|Any CPU = Release|Any CPU
	EndGlobalSection
	GlobalSection(ProjectConfigurationPlatforms) = postSolution
		{8C2ACB03-CC86-434E-A6F1-A04EB45EB349}.Debug|Any CPU.ActiveCfg = Debug|Any CPU
		{8C2ACB03-CC86-434E-A6F1-A04EB45EB349}.Debug|Any CPU.Build.0 = Debug|Any CPU
		{8C2ACB03-CC86-434E-A6F1-A04EB45EB349}.Release|Any CPU.ActiveCfg = Release|Any CPU
		{8C2ACB03-CC86-434E-A6F1-A04EB45EB349}.Release|Any CPU.Build.0 = Release|Any CPU
		{8132D90C-DC9B-4787-8C4C-13990C813B25}.Debug|Any CPU.ActiveCfg = Debug|Any CPU
		{8132D90C-DC9B-4787-8C4C-13990C813B25}.Debug|Any CPU.Build.0 = Debug|Any CPU
		{8132D90C-DC9B-4787-8C4C-13990C813B25}.Release|Any CPU.ActiveCfg = Release|Any CPU
		{8132D90C-DC9B-4787-8C4C-13990C813B25}.Release|Any CPU.Build.0 = Release|Any CPU
	EndGlobalSection
	GlobalSection(SolutionProperties) = preSolution
		HideSolutionNode = FALSE
	EndGlobalSection
	GlobalSection(ExtensibilityGlobals) = postSolution
		SolutionGuid = {84988AAE-ECC4-499D-A345-38915C95422B}
	EndGlobalSection
EndGlobal
